
Microsoft Visual Studio Solution File, Format Version 12.00
# Visual Studio Version 17
VisualStudioVersion = 17.8.34525.116
MinimumVisualStudioVersion = 10.0.40219.1
Project("{FAE04EC0-301F-11D3-BF4B-00C04F79EFBC}") = "Parcial2Programacion", "Parcial2Programacion\Parcial2Programacion.csproj", "{19AA5245-72C7-46EB-98E6-25DF7D23F7BD}"
EndProject
Global
	GlobalSection(SolutionConfigurationPlatforms) = preSolution
		Debug|Any CPU = Debug|Any CPU
		Release|Any CPU = Release|Any CPU
	EndGlobalSection
	GlobalSection(ProjectConfigurationPlatforms) = postSolution
		{19AA5245-72C7-46EB-98E6-25DF7D23F7BD}.Debug|Any CPU.ActiveCfg = Debug|Any CPU
		{19AA5245-72C7-46EB-98E6-25DF7D23F7BD}.Debug|Any CPU.Build.0 = Debug|Any CPU
		{19AA5245-72C7-46EB-98E6-25DF7D23F7BD}.Release|Any CPU.ActiveCfg = Release|Any CPU
		{19AA5245-72C7-46EB-98E6-25DF7D23F7BD}.Release|Any CPU.Build.0 = Release|Any CPU
	EndGlobalSection
	GlobalSection(SolutionProperties) = preSolution
		HideSolutionNode = FALSE
	EndGlobalSection
	GlobalSection(ExtensibilityGlobals) = postSolution
		SolutionGuid = {A17FE99D-2A6B-417D-B4E8-EDDFA53CA981}
	EndGlobalSection
EndGlobal
